
Microsoft Visual Studio Solution File, Format Version 12.00
# Visual Studio 15
VisualStudioVersion = 15.0.28307.572
MinimumVisualStudioVersion = 10.0.40219.1
Project("{FAE04EC0-301F-11D3-BF4B-00C04F79EFBC}") = "GildedRose", "GildedRose\GildedRose.csproj", "{24C67F59-3BAE-44A0-A9FE-8C138D036193}"
EndProject
Project("{FAE04EC0-301F-11D3-BF4B-00C04F79EFBC}") = "GildedRoseTest", "GildedRoseTest\GildedRoseTest.csproj", "{FD081F2C-46EC-4608-9128-26867DC65CA7}"
EndProject
Global
	GlobalSection(SolutionConfigurationPlatforms) = preSolution
		Debug|Any CPU = Debug|Any CPU
		Release|Any CPU = Release|Any CPU
	EndGlobalSection
	GlobalSection(ProjectConfigurationPlatforms) = postSolution
		{24C67F59-3BAE-44A0-A9FE-8C138D036193}.Debug|Any CPU.ActiveCfg = Debug|Any CPU
		{24C67F59-3BAE-44A0-A9FE-8C138D036193}.Debug|Any CPU.Build.0 = Debug|Any CPU
		{24C67F59-3BAE-44A0-A9FE-8C138D036193}.Release|Any CPU.ActiveCfg = Release|Any CPU
		{24C67F59-3BAE-44A0-A9FE-8C138D036193}.Release|Any CPU.Build.0 = Release|Any CPU
		{FD081F2C-46EC-4608-9128-26867DC65CA7}.Debug|Any CPU.ActiveCfg = Debug|Any CPU
		{FD081F2C-46EC-4608-9128-26867DC65CA7}.Debug|Any CPU.Build.0 = Debug|Any CPU
		{FD081F2C-46EC-4608-9128-26867DC65CA7}.Release|Any CPU.ActiveCfg = Release|Any CPU
		{FD081F2C-46EC-4608-9128-26867DC65CA7}.Release|Any CPU.Build.0 = Release|Any CPU
	EndGlobalSection
	GlobalSection(SolutionProperties) = preSolution
		HideSolutionNode = FALSE
	EndGlobalSection
	GlobalSection(ExtensibilityGlobals) = postSolution
		SolutionGuid = {10076954-745F-4CA5-84E2-0EF24AA2F149}
	EndGlobalSection
EndGlobal
